
Microsoft Visual Studio Solution File, Format Version 12.00
# Visual Studio Version 16
VisualStudioVersion = 16.0.31112.23
MinimumVisualStudioVersion = 10.0.40219.1
Project("{FAE04EC0-301F-11D3-BF4B-00C04F79EFBC}") = "NoteApp", "NoteApp\NoteApp.csproj", "{EC1F2947-C7D3-4973-BB12-A937AE2D46EF}"
EndProject
Project("{9A19103F-16F7-4668-BE54-9A1E7A4F7556}") = "NoteApp.UI", "NoteAppUI\NoteApp.UI.csproj", "{599ED11F-852F-44D6-AFA6-816D2FCEDDBC}"
EndProject
Project("{9A19103F-16F7-4668-BE54-9A1E7A4F7556}") = "Installer", "Installer\Installer.csproj", "{535E6005-3CBD-4105-83E0-5A9D18176764}"
EndProject
Project("{FAE04EC0-301F-11D3-BF4B-00C04F79EFBC}") = "NoteApp.UnitTests", "NoteApp.UnitTests\NoteApp.UnitTests.csproj", "{7AEA4860-4C19-4223-920F-A70A333BCD6F}"
EndProject
Global
	GlobalSection(SolutionConfigurationPlatforms) = preSolution
		Debug|Any CPU = Debug|Any CPU
		Release|Any CPU = Release|Any CPU
	EndGlobalSection
	GlobalSection(ProjectConfigurationPlatforms) = postSolution
		{EC1F2947-C7D3-4973-BB12-A937AE2D46EF}.Debug|Any CPU.ActiveCfg = Debug|Any CPU
		{EC1F2947-C7D3-4973-BB12-A937AE2D46EF}.Debug|Any CPU.Build.0 = Debug|Any CPU
		{EC1F2947-C7D3-4973-BB12-A937AE2D46EF}.Release|Any CPU.ActiveCfg = Release|Any CPU
		{EC1F2947-C7D3-4973-BB12-A937AE2D46EF}.Release|Any CPU.Build.0 = Release|Any CPU
		{599ED11F-852F-44D6-AFA6-816D2FCEDDBC}.Debug|Any CPU.ActiveCfg = Debug|Any CPU
		{599ED11F-852F-44D6-AFA6-816D2FCEDDBC}.Debug|Any CPU.Build.0 = Debug|Any CPU
		{599ED11F-852F-44D6-AFA6-816D2FCEDDBC}.Release|Any CPU.ActiveCfg = Release|Any CPU
		{599ED11F-852F-44D6-AFA6-816D2FCEDDBC}.Release|Any CPU.Build.0 = Release|Any CPU
		{535E6005-3CBD-4105-83E0-5A9D18176764}.Debug|Any CPU.ActiveCfg = Debug|Any CPU
		{535E6005-3CBD-4105-83E0-5A9D18176764}.Debug|Any CPU.Build.0 = Debug|Any CPU
		{535E6005-3CBD-4105-83E0-5A9D18176764}.Release|Any CPU.ActiveCfg = Release|Any CPU
		{535E6005-3CBD-4105-83E0-5A9D18176764}.Release|Any CPU.Build.0 = Release|Any CPU
		{7AEA4860-4C19-4223-920F-A70A333BCD6F}.Debug|Any CPU.ActiveCfg = Debug|Any CPU
		{7AEA4860-4C19-4223-920F-A70A333BCD6F}.Debug|Any CPU.Build.0 = Debug|Any CPU
		{7AEA4860-4C19-4223-920F-A70A333BCD6F}.Release|Any CPU.ActiveCfg = Release|Any CPU
		{7AEA4860-4C19-4223-920F-A70A333BCD6F}.Release|Any CPU.Build.0 = Release|Any CPU
	EndGlobalSection
	GlobalSection(SolutionProperties) = preSolution
		HideSolutionNode = FALSE
	EndGlobalSection
	GlobalSection(ExtensibilityGlobals) = postSolution
		SolutionGuid = {626F20E8-683D-463E-9654-F2A39E4181ED}
	EndGlobalSection
EndGlobal
